github.com/Nerzal/gocloak/v3 v3.0.0 h1:OCrQMuk7xuvAjQIz82/rlhFufRKLpl9ilUHs1tr5alU=
github.com/Nerzal/gocloak/v3 v3.0.0/go.mod h1:uAFpbwscpXE8Z1BUuA9jmJe3cv02oGm7DseJWeX09dE=
github.com/Nerzal/gocloak/v3 v3.4.0 h1:QoJJUmBT3t6qEVIIisFjPXbRtayq50qHWtDM5he8otQ=
github.com/Nerzal/gocloak/v3 v3.4.0/go.mod h1:uAFpbwscpXE8Z1BUuA9jmJe3cv02oGm7DseJWeX09dE=
github.com/davecgh/go-spew v1.1.0/go.mod h1:J7Y8YcW2NihsgmVo/mv3lAwl/skON4iLHjSsI+c5H38=
github.com/davecgh/go-spew v1.1.1/go.mod h1:J7Y8YcW2NihsgmVo/mv3lAwl/skON4iLHjSsI+c5H38=
github.com/dgrijalva/jwt-go v3.2.0+incompatible h1:7qlOGliEKZXTDg6OTjfoBKDXWrumCAMpl/TFQ4/5kLM=
github.com/dgrijalva/jwt-go v3.2.0+incompatible/go.mod h1:E3ru+11k8xSBh+hMPgOLZmtrrCbhqsmaPHjLKYnJCaQ=
github.com/fatih/structs v0.0.0-20180123065059-ebf56d35bba7/go.mod h1:9NiDSp5zOcgEDl+j00MP/WkGVPOlPRLejGD8Ga6PJ7M=
github.com/google/go-querystring v0.0.0-20170111101155-53e6ce116135 h1:zLTLjkaOFEFIOxY5BWLFLwh+cL8vOBW4XJ2aqLE/Tf0=
github.com/google/go-querystring v0.0.0-20170111101155-53e6ce116135/go.mod h1:odCYkC5MyYFN7vkCjXpyrEuKhc/BUO6wN/zVPAxq5ck=
github.com/konsorten/go-windows-terminal-sequences v1.0.1/go.mod h1:T0+1ngSBFLxvqU3pZ+m/2kptfBszLMUkC4ZK/EgS/cQ=
github.com/kr/pretty v0.1.0/go.mod h1:dAy3ld7l9f0ibDNOQOHHMYYIIbhfbHSm3C4ZsoJORNo=
github.com/kr/pty v1.1.1/go.mod h1:pFQYn66WHrOpPYNljwOMqo10TkYh1fy3cYio2l3bCsQ=
github.com/kr/text v0.1.0/go.mod h1:4Jbv+DJW3UT/LiOwJeYQe1efqtUx/iVham/4vfdArNI=
github.com/levigross/grequests v0.0.0-20171009010347-bf9788368aa0 h1:QpdhtrR7SX3R7OlEv9dZarsXogM3PM/tl1ibRH/eHbQ=
github.com/levigross/grequests v0.0.0-20171009010347-bf9788368aa0/go.mod h1:uCZIhROSrVmuF/BPYFPwDeiiQ6juSLp0kikFoEcNcEs=
github.com/pashazz/gocloak v0.0.0-20190920170406-68b39b5df56e h1:/X3Yj2YnPnjL6PQIjlBgs0Q2Se0MfGvfosHldKnoz8w=
github.com/pashazz/gocloak v0.0.0-20190920170406-68b39b5df56e/go.mod h1:/vUgJS/SAJjdqUTjK7cU/3cIs6PPLIBh9jQ3beTlT6c=
github.com/pkg/errors v0.0.0-20181023235946-059132a15dd0 h1:R+lX9nKwNd1n7UE5SQAyoorREvRn3aLF6ZndXBoIWqY=
github.com/pkg/errors v0.0.0-20181023235946-059132a15dd0/go.mod h1:bwawxfHBFNV+L2hUp1rHADufV3IMtnDRdf1r5NINEl0=
github.com/pmezard/go-difflib v1.0.0/go.mod h1:iKH77koFhYxTK1pcRnkKkqfTogsbg7gZNVY4sRDYZ/4=
github.com/sirupsen/logrus v1.4.2 h1:SPIRibHv4MatM3XXNO2BJeFLZwZ2LvZgfQ5+UNI2im4=
github.com/sirupsen/logrus v1.4.2/go.mod h1:tLMulIdttU9McNUspp0xgXVQah82FyeX6MwdIuYE2rE=
github.com/stretchr/objx v0.1.0/go.mod h1:HFkY916IF+rwdDfMAkV7OtwuqBVzrE8GR6GFx+wExME=
github.com/stretchr/objx v0.1.1/go.mod h1:HFkY916IF+rwdDfMAkV7OtwuqBVzrE8GR6GFx+wExME=
github.com/stretchr/testify v1.2.2/go.mod h1:a8OnRcib4nhh0OaRAV+Yts87kKdq0PP7pXfy6kDkUVs=
github.com/stretchr/testify v1.3.0/go.mod h1:M5WIy9Dh21IEIfnGCwXGc5bZfKNJtfHm1UVUgZn+9EI=
github.com/studio-b12/gowebdav v0.0.0-20190103184047-38f79aeaf1ac/go.mod h1:gCcfDlA1Y7GqOaeEKw5l9dOGx1VLdc/HuQSlQAaZ30s=
gitlab.bertha.cloud/adphi/gowebdav v0.0.0-20190720232020-771eec6e76d0 h1:kjJ5Xn+FgD+QvWP670A2hmdMqxWkOuffMukEA1JSGo4=
gitlab.bertha.cloud/adphi/gowebdav v0.0.0-20190720232020-771eec6e76d0/go.mod h1:Nr6YgM/ZBLPOlAAjcER6HSAXF64AAlal6AJ2CEKg2Fc=
gitlab.bertha.cloud/partitio/Nextcloud-Partitio/gonextcloud v1.2.3 h1:uCxM+E1oe04RBJRo3IQWV1Jox5fsppJ+m+MmB7LRE0E=
gitlab.bertha.cloud/partitio/Nextcloud-Partitio/gonextcloud v1.2.3/go.mod h1:coxJCLtpMyd0inEoQjjHE/MGOVHLbbV6QeUapXt1Nj0=
golang.org/x/crypto v0.0.0-20190308221718-c2843e01d9a2/go.mod h1:djNgcEr1/C05ACkg1iLfiJU5Ep61QUkGW8qpdssI0+w=
golang.org/x/net v0.0.0-20181011144130-49bb7cea24b1 h1:Y/KGZSOdz/2r0WJ9Mkmz6NJBusp0kiNx1Cn82lzJQ6w=
golang.org/x/net v0.0.0-20181011144130-49bb7cea24b1/go.mod h1:mL1N/T3taQHkDXs73rZJwtUhF3w3ftmwwsq0BUmARs4=
golang.org/x/net v0.0.0-20190628185345-da137c7871d7 h1:rTIdg5QFRR7XCaK4LCjBiPbx8j4DQRpdYMnGn/bJUEU=
golang.org/x/net v0.0.0-20190628185345-da137c7871d7/go.mod h1:z5CRVTTTmAJ677TzLLGU+0bjPO0LkuOLi4/5GtJWs/s=
golang.org/x/sys v0.0.0-20190215142949-d0b11bdaac8a/go.mod h1:STP8DvDyc/dI5b8T5hshtkjS+E42TnysNCUPdjciGhY=
golang.org/x/sys v0.0.0-20190422165155-953cdadca894/go.mod h1:h1NjWce9XRLGQEsW7wpKNCjG9DtNlClVuFLEZdDNbEs=
golang.org/x/sys v0.0.0-20190712062909-fae7ac547cb7 h1:LepdCS8Gf/MVejFIt8lsiexZATdoGVyp5bcyS+rYoUI=
golang.org/x/sys v0.0.0-20190712062909-fae7ac547cb7/go.mod h1:h1NjWce9XRLGQEsW7wpKNCjG9DtNlClVuFLEZdDNbEs=
golang.org/x/text v0.3.0/go.mod h1:NqM8EUOU14njkJ3fqMW+pc6Ldnwhi/IjpwHt7yyuwOQ=
gopkg.in/check.v1 v0.0.0-20161208181325-20d25e280405/go.mod h1:Co6ibVJAznAaIkqp8huTwlJQCZ016jof/cbN4VW5Yz0=
gopkg.in/check.v1 v1.0.0-20180628173108-788fd7840127/go.mod h1:Co6ibVJAznAaIkqp8huTwlJQCZ016jof/cbN4VW5Yz0=
gopkg.in/resty.v1 v1.10.3 h1:w8FjChB7PWrvE5z6JX/gfFzVwTDj38qiAQJKgdWDGvA=
gopkg.in/resty.v1 v1.10.3/go.mod h1:nrgQYbPhkRfn2BfT32NNTLfq3K9NuHRB0MsAcA9weWY=
gopkg.in/yaml.v2 v2.2.1/go.mod h1:hI93XBmqTisBFMUTm0b8Fm+jr3Dg1NNxqwp+5A1VGuI=
